
Microsoft Visual Studio Solution File, Format Version 12.00
# Visual Studio Version 16
VisualStudioVersion = 16.0.30128.74
MinimumVisualStudioVersion = 15.0.26124.0
Project("{9A19103F-16F7-4668-BE54-9A1E7A4F7556}") = "web-mvc", "web-mvc.csproj", "{326ACCFF-655B-47D0-AA3E-5C7870E3062B}"
EndProject
Global
	GlobalSection(SolutionConfigurationPlatforms) = preSolution
		Debug|Any CPU = Debug|Any CPU
		Release|Any CPU = Release|Any CPU
	EndGlobalSection
	GlobalSection(ProjectConfigurationPlatforms) = postSolution
		{326ACCFF-655B-47D0-AA3E-5C7870E3062B}.Debug|Any CPU.ActiveCfg = Debug|Any CPU
		{326ACCFF-655B-47D0-AA3E-5C7870E3062B}.Debug|Any CPU.Build.0 = Debug|Any CPU
		{326ACCFF-655B-47D0-AA3E-5C7870E3062B}.Release|Any CPU.ActiveCfg = Release|Any CPU
		{326ACCFF-655B-47D0-AA3E-5C7870E3062B}.Release|Any CPU.Build.0 = Release|Any CPU
	EndGlobalSection
	GlobalSection(SolutionProperties) = preSolution
		HideSolutionNode = FALSE
	EndGlobalSection
	GlobalSection(ExtensibilityGlobals) = postSolution
		SolutionGuid = {14B5372A-3ED6-4732-8D0A-C97CA14E6ABC}
	EndGlobalSection
EndGlobal
